
Microsoft Visual Studio Solution File, Format Version 12.00
# Visual Studio Version 17
VisualStudioVersion = 17.8.34316.72
MinimumVisualStudioVersion = 10.0.40219.1
Project("{FAE04EC0-301F-11D3-BF4B-00C04F79EFBC}") = "ServiceAPI", "ServiceAPI\ServiceAPI.csproj", "{B95198F6-EB48-48DD-BE5B-240233CAE96C}"
EndProject
Project("{FAE04EC0-301F-11D3-BF4B-00C04F79EFBC}") = "APIGateway", "APIGateway\APIGateway.csproj", "{A0D3F1DF-45D9-4098-826C-C1369E78437B}"
EndProject
Project("{E53339B2-1760-4266-BCC7-CA923CBCF16C}") = "docker-compose", "docker-compose.dcproj", "{6E279E79-B707-4802-9181-FF221502013F}"
EndProject
Global
	GlobalSection(SolutionConfigurationPlatforms) = preSolution
		Debug|Any CPU = Debug|Any CPU
		Release|Any CPU = Release|Any CPU
	EndGlobalSection
	GlobalSection(ProjectConfigurationPlatforms) = postSolution
		{B95198F6-EB48-48DD-BE5B-240233CAE96C}.Debug|Any CPU.ActiveCfg = Debug|Any CPU
		{B95198F6-EB48-48DD-BE5B-240233CAE96C}.Debug|Any CPU.Build.0 = Debug|Any CPU
		{B95198F6-EB48-48DD-BE5B-240233CAE96C}.Release|Any CPU.ActiveCfg = Release|Any CPU
		{B95198F6-EB48-48DD-BE5B-240233CAE96C}.Release|Any CPU.Build.0 = Release|Any CPU
		{A0D3F1DF-45D9-4098-826C-C1369E78437B}.Debug|Any CPU.ActiveCfg = Debug|Any CPU
		{A0D3F1DF-45D9-4098-826C-C1369E78437B}.Debug|Any CPU.Build.0 = Debug|Any CPU
		{A0D3F1DF-45D9-4098-826C-C1369E78437B}.Release|Any CPU.ActiveCfg = Release|Any CPU
		{A0D3F1DF-45D9-4098-826C-C1369E78437B}.Release|Any CPU.Build.0 = Release|Any CPU
		{6E279E79-B707-4802-9181-FF221502013F}.Debug|Any CPU.ActiveCfg = Debug|Any CPU
		{6E279E79-B707-4802-9181-FF221502013F}.Debug|Any CPU.Build.0 = Debug|Any CPU
		{6E279E79-B707-4802-9181-FF221502013F}.Release|Any CPU.ActiveCfg = Release|Any CPU
		{6E279E79-B707-4802-9181-FF221502013F}.Release|Any CPU.Build.0 = Release|Any CPU
	EndGlobalSection
	GlobalSection(SolutionProperties) = preSolution
		HideSolutionNode = FALSE
	EndGlobalSection
	GlobalSection(ExtensibilityGlobals) = postSolution
		SolutionGuid = {2DF3AF78-BAAA-444C-9A59-80550D52FAEA}
	EndGlobalSection
EndGlobal
